
Microsoft Visual Studio Solution File, Format Version 12.00
# Visual Studio 15
VisualStudioVersion = 15.0.28010.2048
MinimumVisualStudioVersion = 10.0.40219.1
Project("{8BC9CEB8-8B4A-11D0-8D11-00A0C91BC942}") = "学生信息管理系统3", "学生信息管理系统3\学生信息管理系统3.vcxproj", "{4D0D636D-B913-4A0E-9957-9B321CFB083E}"
EndProject
Global
	GlobalSection(SolutionConfigurationPlatforms) = preSolution
		Debug|x64 = Debug|x64
		Debug|x86 = Debug|x86
		Release|x64 = Release|x64
		Release|x86 = Release|x86
	EndGlobalSection
	GlobalSection(ProjectConfigurationPlatforms) = postSolution
		{4D0D636D-B913-4A0E-9957-9B321CFB083E}.Debug|x64.ActiveCfg = Debug|x64
		{4D0D636D-B913-4A0E-9957-9B321CFB083E}.Debug|x64.Build.0 = Debug|x64
		{4D0D636D-B913-4A0E-9957-9B321CFB083E}.Debug|x86.ActiveCfg = Debug|Win32
		{4D0D636D-B913-4A0E-9957-9B321CFB083E}.Debug|x86.Build.0 = Debug|Win32
		{4D0D636D-B913-4A0E-9957-9B321CFB083E}.Release|x64.ActiveCfg = Release|x64
		{4D0D636D-B913-4A0E-9957-9B321CFB083E}.Release|x64.Build.0 = Release|x64
		{4D0D636D-B913-4A0E-9957-9B321CFB083E}.Release|x86.ActiveCfg = Release|Win32
		{4D0D636D-B913-4A0E-9957-9B321CFB083E}.Release|x86.Build.0 = Release|Win32
	EndGlobalSection
	GlobalSection(SolutionProperties) = preSolution
		HideSolutionNode = FALSE
	EndGlobalSection
	GlobalSection(ExtensibilityGlobals) = postSolution
		SolutionGuid = {C83482B1-675E-4637-B99D-93F0AD7E54EE}
	EndGlobalSection
EndGlobal
